// !$*UTF8*$!
{
	archiveVersion = 1;
	classes = {
	};
	objectVersion = 46;
	objects = {

/* Begin PBXBuildFile section */
		84196F87196AA4840064E330 /* AppDelegate.swift in Sources */ = {isa = PBXBuildFile; fileRef = 84196F86196AA4840064E330 /* AppDelegate.swift */; };
		84196F89196AA4840064E330 /* Images.xcassets in Resources */ = {isa = PBXBuildFile; fileRef = 84196F88196AA4840064E330 /* Images.xcassets */; };
		84196F95196AA4840064E330 /* AutoSideMenuTests.swift in Sources */ = {isa = PBXBuildFile; fileRef = 84196F94196AA4840064E330 /* AutoSideMenuTests.swift */; };
/* End PBXBuildFile section */

/* Begin PBXContainerItemProxy section */
		84196F8F196AA4840064E330 /* PBXContainerItemProxy */ = {
			isa = PBXContainerItemProxy;
			containerPortal = 84196F79196AA4840064E330 /* Project object */;
			proxyType = 1;
			remoteGlobalIDString = 84196F80196AA4840064E330;
			remoteInfo = AutoSideMenu;
		};
/* End PBXContainerItemProxy section */

/* Begin PBXFileReference section */
		84196F81196AA4840064E330 /* AutoSideMenu.app */ = {isa = PBXFileReference; explicitFileType = wrapper.application; includeInIndex = 0; path = AutoSideMenu.app; sourceTree = BUILT_PRODUCTS_DIR; };
		84196F85196AA4840064E330 /* Info.plist */ = {isa = PBXFileReference; lastKnownFileType = text.plist.xml; path = Info.plist; sourceTree = "<group>"; };
		84196F86196AA4840064E330 /* AppDelegate.swift */ = {isa = PBXFileReference; lastKnownFileType = sourcecode.swift; path = AppDelegate.swift; sourceTree = "<group>"; };
		84196F88196AA4840064E330 /* Images.xcassets */ = {isa = PBXFileReference; lastKnownFileType = folder.assetcatalog; path = Images.xcassets; sourceTree = "<group>"; };
		84196F8E196AA4840064E330 /* AutoSideMenuTests.xctest */ = {isa = PBXFileReference; explicitFileType = wrapper.cfbundle; includeInIndex = 0; path = AutoSideMenuTests.xctest; sourceTree = BUILT_PRODUCTS_DIR; };
		84196F93196AA4840064E330 /* Info.plist */ = {isa = PBXFileReference; lastKnownFileType = text.plist.xml; path = Info.plist; sourceTree = "<group>"; };
		84196F94196AA4840064E330 /* AutoSideMenuTests.swift */ = {isa = PBXFileReference; lastKnownFileType = sourcecode.swift; path = AutoSideMenuTests.swift; sourceTree = "<group>"; };
/* End PBXFileReference section */

/* Begin PBXFrameworksBuildPhase section */
		84196F7E196AA4840064E330 /* Frameworks */ = {
			isa = PBXFrameworksBuildPhase;
			buildActionMask = 2147483647;
			files = (
			);
			runOnlyForDeploymentPostprocessing = 0;
		};
		84196F8B196AA4840064E330 /* Frameworks */ = {
			isa = PBXFrameworksBuildPhase;
			buildActionMask = 2147483647;
			files = (
			);
			runOnlyForDeploymentPostprocessing = 0;
		};
/* End PBXFrameworksBuildPhase section */

/* Begin PBXGroup section */
		84196F78196AA4840064E330 = {
			isa = PBXGroup;
			children = (
				84196F83196AA4840064E330 /* AutoSideMenu */,
				84196F91196AA4840064E330 /* AutoSideMenuTests */,
				84196F82196AA4840064E330 /* Products */,
			);
			sourceTree = "<group>";
		};
		84196F82196AA4840064E330 /* Products */ = {
			isa = PBXGroup;
			children = (
				84196F81196AA4840064E330 /* AutoSideMenu.app */,
				84196F8E196AA4840064E330 /* AutoSideMenuTests.xctest */,
			);
			name = Products;
			sourceTree = "<group>";
		};
		84196F83196AA4840064E330 /* AutoSideMenu */ = {
			isa = PBXGroup;
			children = (
				84196F86196AA4840064E330 /* AppDelegate.swift */,
				84196F88196AA4840064E330 /* Images.xcassets */,
				84196F84196AA4840064E330 /* Supporting Files */,
			);
			path = AutoSideMenu;
			sourceTree = "<group>";
		};
		84196F84196AA4840064E330 /* Supporting Files */ = {
			isa = PBXGroup;
			children = (
				84196F85196AA4840064E330 /* Info.plist */,
			);
			name = "Supporting Files";
			sourceTree = "<group>";
		};
		84196F91196AA4840064E330 /* AutoSideMenuTests */ = {
			isa = PBXGroup;
			children = (
				84196F94196AA4840064E330 /* AutoSideMenuTests.swift */,
				84196F92196AA4840064E330 /* Supporting Files */,
			);
			path = AutoSideMenuTests;
			sourceTree = "<group>";
		};
		84196F92196AA4840064E330 /* Supporting Files */ = {
			isa = PBXGroup;
			children = (
				84196F93196AA4840064E330 /* Info.plist */,
			);
			name = "Supporting Files";
			sourceTree = "<group>";
		};
/* End PBXGroup section */

/* Begin PBXNativeTarget section */
		84196F80196AA4840064E330 /* AutoSideMenu */ = {
			isa = PBXNativeTarget;
			buildConfigurationList = 84196F98196AA4840064E330 /* Build configuration list for PBXNativeTarget "AutoSideMenu" */;
			buildPhases = (
				84196F7D196AA4840064E330 /* Sources */,
				84196F7E196AA4840064E330 /* Frameworks */,
				84196F7F196AA4840064E330 /* Resources */,
			);
			buildRules = (
			);
			dependencies = (
			);
			name = AutoSideMenu;
			productName = AutoSideMenu;
			productReference = 84196F81196AA4840064E330 /* AutoSideMenu.app */;
			productType = "com.apple.product-type.application";
		};
		84196F8D196AA4840064E330 /* AutoSideMenuTests */ = {
			isa = PBXNativeTarget;
			buildConfigurationList = 84196F9B196AA4840064E330 /* Build configuration list for PBXNativeTarget "AutoSideMenuTests" */;
			buildPhases = (
				84196F8A196AA4840064E330 /* Sources */,
				84196F8B196AA4840064E330 /* Frameworks */,
				84196F8C196AA4840064E330 /* Resources */,
			);
			buildRules = (
			);
			dependencies = (
				84196F90196AA4840064E330 /* PBXTargetDependency */,
			);
			name = AutoSideMenuTests;
			productName = AutoSideMenuTests;
			productReference = 84196F8E196AA4840064E330 /* AutoSideMenuTests.xctest */;
			productType = "com.apple.product-type.bundle.unit-test";
		};
/* End PBXNativeTarget section */

/* Begin PBXProject section */
		84196F79196AA4840064E330 /* Project object */ = {
			isa = PBXProject;
			attributes = {
				LastUpgradeCheck = 0600;
				ORGANIZATIONNAME = "Moregg Information Technology";
				TargetAttributes = {
					84196F80196AA4840064E330 = {
						CreatedOnToolsVersion = 6.0;
					};
					84196F8D196AA4840064E330 = {
						CreatedOnToolsVersion = 6.0;
						TestTargetID = 84196F80196AA4840064E330;
					};
				};
			};
			buildConfigurationList = 84196F7C196AA4840064E330 /* Build configuration list for PBXProject "AutoSideMenu" */;
			compatibilityVersion = "Xcode 3.2";
			developmentRegion = English;
			hasScannedForEncodings = 0;
			knownRegions = (
				en,
			);
			mainGroup = 84196F78196AA4840064E330;
			productRefGroup = 84196F82196AA4840064E330 /* Products */;
			projectDirPath = "";
			projectRoot = "";
			targets = (
				84196F80196AA4840064E330 /* AutoSideMenu */,
				84196F8D196AA4840064E330 /* AutoSideMenuTests */,
			);
		};
/* End PBXProject section */

/* Begin PBXResourcesBuildPhase section */
		84196F7F196AA4840064E330 /* Resources */ = {
			isa = PBXResourcesBuildPhase;
			buildActionMask = 2147483647;
			files = (
				84196F89196AA4840064E330 /* Images.xcassets in Resources */,
			);
			runOnlyForDeploymentPostprocessing = 0;
		};
		84196F8C196AA4840064E330 /* Resources */ = {
			isa = PBXResourcesBuildPhase;
			buildActionMask = 2147483647;
			files = (
			);
			runOnlyForDeploymentPostprocessing = 0;
		};
/* End PBXResourcesBuildPhase section */

/* Begin PBXSourcesBuildPhase section */
		84196F7D196AA4840064E330 /* Sources */ = {
			isa = PBXSourcesBuildPhase;
			buildActionMask = 2147483647;
			files = (
				84196F87196AA4840064E330 /* AppDelegate.swift in Sources */,
			);
			runOnlyForDeploymentPostprocessing = 0;
		};
		84196F8A196AA4840064E330 /* Sources */ = {
			isa = PBXSourcesBuildPhase;
			buildActionMask = 2147483647;
			files = (
				84196F95196AA4840064E330 /* AutoSideMenuTests.swift in Sources */,
			);
			runOnlyForDeploymentPostprocessing = 0;
		};
/* End PBXSourcesBuildPhase section */

/* Begin PBXTargetDependency section */
		84196F90196AA4840064E330 /* PBXTargetDependency */ = {
			isa = PBXTargetDependency;
			target = 84196F80196AA4840064E330 /* AutoSideMenu */;
			targetProxy = 84196F8F196AA4840064E330 /* PBXContainerItemProxy */;
		};
/* End PBXTargetDependency section */

/* Begin XCBuildConfiguration section */
		84196F96196AA4840064E330 /* Debug */ = {
			isa = XCBuildConfiguration;
			buildSettings = {
				ALWAYS_SEARCH_USER_PATHS = NO;
				CLANG_CXX_LANGUAGE_STANDARD = "gnu++0x";
				CLANG_CXX_LIBRARY = "libc++";
				CLANG_ENABLE_MODULES = YES;
				CLANG_ENABLE_OBJC_ARC = YES;
				CLANG_WARN_BOOL_CONVERSION = YES;
				CLANG_WARN_CONSTANT_CONVERSION = YES;
				CLANG_WARN_DIRECT_OBJC_ISA_USAGE = YES_ERROR;
				CLANG_WARN_EMPTY_BODY = YES;
				CLANG_WARN_ENUM_CONVERSION = YES;
				CLANG_WARN_INT_CONVERSION = YES;
				CLANG_WARN_OBJC_ROOT_CLASS = YES_ERROR;
				CLANG_WARN_UNREACHABLE_CODE = YES;
				CLANG_WARN__DUPLICATE_METHOD_MATCH = YES;
				"CODE_SIGN_IDENTITY[sdk=iphoneos*]" = "iPhone Developer";
				COPY_PHASE_STRIP = NO;
				ENABLE_STRICT_OBJC_MSGSEND = YES;
				GCC_C_LANGUAGE_STANDARD = gnu99;
				GCC_DYNAMIC_NO_PIC = NO;
				GCC_OPTIMIZATION_LEVEL = 0;
				GCC_PREPROCESSOR_DEFINITIONS = (
					"DEBUG=1",
					"$(inherited)",
				);
				GCC_SYMBOLS_PRIVATE_EXTERN = NO;
				GCC_WARN_64_TO_32_BIT_CONVERSION = YES;
				GCC_WARN_ABOUT_RETURN_TYPE = YES_ERROR;
				GCC_WARN_UNDECLARED_SELECTOR = YES;
				GCC_WARN_UNINITIALIZED_AUTOS = YES_AGGRESSIVE;
				GCC_WARN_UNUSED_FUNCTION = YES;
				GCC_WARN_UNUSED_VARIABLE = YES;
				IPHONEOS_DEPLOYMENT_TARGET = 8.0;
				METAL_ENABLE_DEBUG_INFO = YES;
				ONLY_ACTIVE_ARCH = YES;
				SDKROOT = iphoneos;
				SWIFT_OPTIMIZATION_LEVEL = "-Onone";
			};
			name = Debug;
		};
		84196F97196AA4840064E330 /* Release */ = {
			isa = XCBuildConfiguration;
			buildSettings = {
				ALWAYS_SEARCH_USER_PATHS = NO;
				CLANG_CXX_LANGUAGE_STANDARD = "gnu++0x";
				CLANG_CXX_LIBRARY = "libc++";
				CLANG_ENABLE_MODULES = YES;
				CLANG_ENABLE_OBJC_ARC = YES;
				CLANG_WARN_BOOL_CONVERSION = YES;
				CLANG_WARN_CONSTANT_CONVERSION = YES;
				CLANG_WARN_DIRECT_OBJC_ISA_USAGE = YES_ERROR;
				CLANG_WARN_EMPTY_BODY = YES;
				CLANG_WARN_ENUM_CONVERSION = YES;
				CLANG_WARN_INT_CONVERSION = YES;
				CLANG_WARN_OBJC_ROOT_CLASS = YES_ERROR;
				CLANG_WARN_UNREACHABLE_CODE = YES;
				CLANG_WARN__DUPLICATE_METHOD_MATCH = YES;
				"CODE_SIGN_IDENTITY[sdk=iphoneos*]" = "iPhone Developer";
				COPY_PHASE_STRIP = YES;
				ENABLE_NS_ASSERTIONS = NO;
				ENABLE_STRICT_OBJC_MSGSEND = YES;
				GCC_C_LANGUAGE_STANDARD = gnu99;
				GCC_WARN_64_TO_32_BIT_CONVERSION = YES;
				GCC_WARN_ABOUT_RETURN_TYPE = YES_ERROR;
				GCC_WARN_UNDECLARED_SELECTOR = YES;
				GCC_WARN_UNINITIALIZED_AUTOS = YES_AGGRESSIVE;
				GCC_WARN_UNUSED_FUNCTION = YES;
				GCC_WARN_UNUSED_VARIABLE = YES;
				IPHONEOS_DEPLOYMENT_TARGET = 8.0;
				METAL_ENABLE_DEBUG_INFO = NO;
				SDKROOT = iphoneos;
				VALIDATE_PRODUCT = YES;
			};
			name = Release;
		};
		84196F99196AA4840064E330 /* Debug */ = {
			isa = XCBuildConfiguration;
			buildSettings = {
				ASSETCATALOG_COMPILER_APPICON_NAME = AppIcon;
				ASSETCATALOG_COMPILER_LAUNCHIMAGE_NAME = LaunchImage;
				INFOPLIST_FILE = AutoSideMenu/Info.plist;
				LD_RUNPATH_SEARCH_PATHS = "$(inherited) @executable_path/Frameworks";
				PRODUCT_NAME = "$(TARGET_NAME)";
			};
			name = Debug;
		};
		84196F9A196AA4840064E330 /* Release */ = {
			isa = XCBuildConfiguration;
			buildSettings = {
				ASSETCATALOG_COMPILER_APPICON_NAME = AppIcon;
				ASSETCATALOG_COMPILER_LAUNCHIMAGE_NAME = LaunchImage;
				INFOPLIST_FILE = AutoSideMenu/Info.plist;
				LD_RUNPATH_SEARCH_PATHS = "$(inherited) @executable_path/Frameworks";
				PRODUCT_NAME = "$(TARGET_NAME)";
			};
			name = Release;
		};
		84196F9C196AA4840064E330 /* Debug */ = {
			isa = XCBuildConfiguration;
			buildSettings = {
				BUNDLE_LOADER = "$(BUILT_PRODUCTS_DIR)/AutoSideMenu.app/AutoSideMenu";
				FRAMEWORK_SEARCH_PATHS = (
					"$(SDKROOT)/Developer/Library/Frameworks",
					"$(inherited)",
				);
				GCC_PREPROCESSOR_DEFINITIONS = (
					"DEBUG=1",
					"$(inherited)",
				);
				INFOPLIST_FILE = AutoSideMenuTests/Info.plist;
				LD_RUNPATH_SEARCH_PATHS = "$(inherited) @executable_path/Frameworks @loader_path/Frameworks";
				METAL_ENABLE_DEBUG_INFO = YES;
				PRODUCT_NAME = "$(TARGET_NAME)";
				TEST_HOST = "$(BUNDLE_LOADER)";
			};
			name = Debug;
		};
		84196F9D196AA4840064E330 /* Release */ = {
			isa = XCBuildConfiguration;
			buildSettings = {
				BUNDLE_LOADER = "$(BUILT_PRODUCTS_DIR)/AutoSideMenu.app/AutoSideMenu";
				FRAMEWORK_SEARCH_PATHS = (
					"$(SDKROOT)/Developer/Library/Frameworks",
					"$(inherited)",
				);
				INFOPLIST_FILE = AutoSideMenuTests/Info.plist;
				LD_RUNPATH_SEARCH_PATHS = "$(inherited) @executable_path/Frameworks @loader_path/Frameworks";
				METAL_ENABLE_DEBUG_INFO = NO;
				PRODUCT_NAME = "$(TARGET_NAME)";
				TEST_HOST = "$(BUNDLE_LOADER)";
			};
			name = Release;
		};
/* End XCBuildConfiguration section */

/* Begin XCConfigurationList section */
		84196F7C196AA4840064E330 /* Build configuration list for PBXProject "AutoSideMenu" */ = {
			isa = XCConfigurationList;
			buildConfigurations = (
				84196F96196AA4840064E330 /* Debug */,
				84196F97196AA4840064E330 /* Release */,
			);
			defaultConfigurationIsVisible = 0;
			defaultConfigurationName = Release;
		};
		84196F98196AA4840064E330 /* Build configuration list for PBXNativeTarget "AutoSideMenu" */ = {
			isa = XCConfigurationList;
			buildConfigurations = (
				84196F99196AA4840064E330 /* Debug */,
				84196F9A196AA4840064E330 /* Release */,
			);
			defaultConfigurationIsVisible = 0;
		};
		84196F9B196AA4840064E330 /* Build configuration list for PBXNativeTarget "AutoSideMenuTests" */ = {
			isa = XCConfigurationList;
			buildConfigurations = (
				84196F9C196AA4840064E330 /* Debug */,
				84196F9D196AA4840064E330 /* Release */,
			);
			defaultConfigurationIsVisible = 0;
		};
/* End XCConfigurationList section */
	};
	rootObject = 84196F79196AA4840064E330 /* Project object */;
}
